{
  "name": "ajs-task-3.1.1-by-kiraradi",
  "version": "1.0.0",
  "lockfileVersion": 3,
  "requires": true,
  "packages": {
    "": {
      "name": "ajs-task-3.1.1-by-kiraradi",
      "version": "1.0.0",
      "license": "ISC",
      "dependencies": {
        "@kiraradi/ajs-task-3.1-by-kiraradi": "^1.0.0"
      }
    },
    "node_modules/@kiraradi/ajs-task-3.1-by-kiraradi": {
      "version": "1.0.0",
      "resolved": "https://npm.pkg.github.com/download/@kiraradi/ajs-task-3.1-by-kiraradi/1.0.0/fe5c07982d3403660d9180525e940047be8a6752",
      "integrity": "sha512-42Sl9utFX6HE0IkB4EOCBeR51Uyyn2NeZVK4VgMTdWQow8osG/j8eVzvzACgawr+FUdp3+wIXRrfsqvW+pblzg==",
      "license": "ISC"
    }
  }
}
